
Microsoft Visual Studio Solution File, Format Version 12.00
# Visual Studio 14
VisualStudioVersion = 14.0.25123.0
MinimumVisualStudioVersion = 10.0.40219.1
Project("{00D1A9C2-B5F0-4AF3-8072-F6C62B433612}") = "SAEON.Observations.Database", "SAEON.Observations.Database\SAEON.Observations.Database.sqlproj", "{AC68EB6A-31BD-407E-9B65-558E900AEF61}"
EndProject
Project("{FAE04EC0-301F-11D3-BF4B-00C04F79EFBC}") = "SAEON.Observations.Data", "SAEON.Observations.Data\SAEON.Observations.Data.csproj", "{5E1C5955-EE32-4FC2-9B18-A3E505DD278D}"
EndProject
Project("{E24C65DC-7377-472B-9ABA-BC803B73C61A}") = "SAEON.Observations.WebSite.Admin", "SAEON.Observations.WebSite.Admin", "{EEC81A5F-AC32-43B1-941B-E10496D83287}"
	ProjectSection(WebsiteProperties) = preProject
		SccProjectName = "SAK"
		SccAuxPath = "SAK"
		SccLocalPath = "SAK"
		SccProvider = "SAK"
		TargetFrameworkMoniker = ".NETFramework,Version%3Dv4.5"
		ProjectReferences = "{5e1c5955-ee32-4fc2-9b18-a3e505dd278d}|SAEON.Observations.Data.dll;"
		Debug.AspNetCompiler.VirtualPath = "/localhost_54378"
		Debug.AspNetCompiler.PhysicalPath = "SAEON.Observations.WebSite.Admin\"
		Debug.AspNetCompiler.TargetPath = "PrecompiledWeb\localhost_54378\"
		Debug.AspNetCompiler.Updateable = "true"
		Debug.AspNetCompiler.ForceOverwrite = "true"
		Debug.AspNetCompiler.FixedNames = "false"
		Debug.AspNetCompiler.Debug = "True"
		Release.AspNetCompiler.VirtualPath = "/localhost_54378"
		Release.AspNetCompiler.PhysicalPath = "SAEON.Observations.WebSite.Admin\"
		Release.AspNetCompiler.TargetPath = "PrecompiledWeb\localhost_54378\"
		Release.AspNetCompiler.Updateable = "true"
		Release.AspNetCompiler.ForceOverwrite = "true"
		Release.AspNetCompiler.FixedNames = "false"
		Release.AspNetCompiler.Debug = "False"
		VWDPort = "54378"
		SlnRelativePath = "SAEON.Observations.WebSite.Admin\"
		DefaultWebSiteLanguage = "Visual C#"
	EndProjectSection
EndProject
Project("{FAE04EC0-301F-11D3-BF4B-00C04F79EFBC}") = "SAEON.Observations.Merge", "SAEON.Observations.Merge\SAEON.Observations.Merge.csproj", "{39684614-5928-44B3-8F28-9259A749F358}"
EndProject
Project("{FAE04EC0-301F-11D3-BF4B-00C04F79EFBC}") = "SAEON.Observations.WebSite.Admin.Test", "SAEON.Observations.WebSite.Admin.Test\SAEON.Observations.WebSite.Admin.Test.csproj", "{6CD3F8B9-A021-4EBA-A5B3-6201134F6C74}"
	ProjectSection(ProjectDependencies) = postProject
		{EEC81A5F-AC32-43B1-941B-E10496D83287} = {EEC81A5F-AC32-43B1-941B-E10496D83287}
	EndProjectSection
EndProject
Global
	GlobalSection(SolutionConfigurationPlatforms) = preSolution
		Debug|Any CPU = Debug|Any CPU
		Release|Any CPU = Release|Any CPU
	EndGlobalSection
	GlobalSection(ProjectConfigurationPlatforms) = postSolution
		{AC68EB6A-31BD-407E-9B65-558E900AEF61}.Debug|Any CPU.ActiveCfg = Debug|Any CPU
		{AC68EB6A-31BD-407E-9B65-558E900AEF61}.Debug|Any CPU.Build.0 = Debug|Any CPU
		{AC68EB6A-31BD-407E-9B65-558E900AEF61}.Debug|Any CPU.Deploy.0 = Debug|Any CPU
		{AC68EB6A-31BD-407E-9B65-558E900AEF61}.Release|Any CPU.ActiveCfg = Release|Any CPU
		{AC68EB6A-31BD-407E-9B65-558E900AEF61}.Release|Any CPU.Build.0 = Release|Any CPU
		{AC68EB6A-31BD-407E-9B65-558E900AEF61}.Release|Any CPU.Deploy.0 = Release|Any CPU
		{5E1C5955-EE32-4FC2-9B18-A3E505DD278D}.Debug|Any CPU.ActiveCfg = Debug|Any CPU
		{5E1C5955-EE32-4FC2-9B18-A3E505DD278D}.Debug|Any CPU.Build.0 = Debug|Any CPU
		{5E1C5955-EE32-4FC2-9B18-A3E505DD278D}.Release|Any CPU.ActiveCfg = Release|Any CPU
		{5E1C5955-EE32-4FC2-9B18-A3E505DD278D}.Release|Any CPU.Build.0 = Release|Any CPU
		{EEC81A5F-AC32-43B1-941B-E10496D83287}.Debug|Any CPU.ActiveCfg = Debug|Any CPU
		{EEC81A5F-AC32-43B1-941B-E10496D83287}.Debug|Any CPU.Build.0 = Debug|Any CPU
		{EEC81A5F-AC32-43B1-941B-E10496D83287}.Release|Any CPU.ActiveCfg = Debug|Any CPU
		{EEC81A5F-AC32-43B1-941B-E10496D83287}.Release|Any CPU.Build.0 = Debug|Any CPU
		{39684614-5928-44B3-8F28-9259A749F358}.Debug|Any CPU.ActiveCfg = Debug|Any CPU
		{39684614-5928-44B3-8F28-9259A749F358}.Debug|Any CPU.Build.0 = Debug|Any CPU
		{39684614-5928-44B3-8F28-9259A749F358}.Release|Any CPU.ActiveCfg = Release|Any CPU
		{39684614-5928-44B3-8F28-9259A749F358}.Release|Any CPU.Build.0 = Release|Any CPU
		{6CD3F8B9-A021-4EBA-A5B3-6201134F6C74}.Debug|Any CPU.ActiveCfg = Debug|Any CPU
		{6CD3F8B9-A021-4EBA-A5B3-6201134F6C74}.Debug|Any CPU.Build.0 = Debug|Any CPU
		{6CD3F8B9-A021-4EBA-A5B3-6201134F6C74}.Release|Any CPU.ActiveCfg = Release|Any CPU
		{6CD3F8B9-A021-4EBA-A5B3-6201134F6C74}.Release|Any CPU.Build.0 = Release|Any CPU
	EndGlobalSection
	GlobalSection(SolutionProperties) = preSolution
		HideSolutionNode = FALSE
	EndGlobalSection
	GlobalSection(TeamFoundationVersionControl) = preSolution
		SccNumberOfProjects = 6
		SccEnterpriseProvider = {4CA58AB2-18FA-4F8D-95D4-32DDF27D184C}
		SccTeamFoundationServer = https://nimbusservices.visualstudio.com/
		SccLocalPath0 = .
		SccWebProject1 = true
		SccProjectUniqueName1 = SAEON.Observations.WebSite.Admin
		SccProjectName1 = SAEON.Observations.WebSite.Admin
		SccLocalPath1 = SAEON.Observations.WebSite.Admin
		SccProjectEnlistmentChoice1 = 2
		SccProjectUniqueName2 = SAEON.Observations.Data\\SAEON.Observations.Data.csproj
		SccProjectName2 = SAEON.Observations.Data
		SccLocalPath2 = SAEON.Observations.Data
		SccProjectUniqueName3 = SAEON.Observations.Database\\SAEON.Observations.Database.sqlproj
		SccProjectName3 = SAEON.Observations.Database
		SccLocalPath3 = SAEON.Observations.Database
		SccProjectUniqueName4 = SAEON.Observations.Merge\\SAEON.Observations.Merge.csproj
		SccProjectName4 = SAEON.Observations.Merge
		SccLocalPath4 = SAEON.Observations.Merge
		SccProjectUniqueName5 = SAEON.Observations.WebSite.Admin.Test\\SAEON.Observations.WebSite.Admin.Test.csproj
		SccProjectName5 = SAEON.Observations.WebSite.Admin.Test
		SccLocalPath5 = SAEON.Observations.WebSite.Admin.Test
	EndGlobalSection
EndGlobal
