
Microsoft Visual Studio Solution File, Format Version 12.00
# Visual Studio 14
VisualStudioVersion = 14.0.24720.0
MinimumVisualStudioVersion = 10.0.40219.1
Project("{FAE04EC0-301F-11D3-BF4B-00C04F79EFBC}") = "SAEON.ObservationsDB.API", "SAEON.ObservationsDB.API\SAEON.ObservationsDB.API.csproj", "{D62286A6-1BC7-4A54-A6CD-82DBC687DFBF}"
EndProject
Project("{FAE04EC0-301F-11D3-BF4B-00C04F79EFBC}") = "SAEON.ObservationsDB.API.Tests", "SAEON.ObservationsDB.API.Tests\SAEON.ObservationsDB.API.Tests.csproj", "{8FB44ECE-DE53-4ECA-8A8F-0FA0EF7821C9}"
EndProject
Project("{00D1A9C2-B5F0-4AF3-8072-F6C62B433612}") = "SAEON.ObservationsDB.Database", "SAEON.ObservationsDB.Database\SAEON.ObservationsDB.Database.sqlproj", "{7BEF82E1-1E24-42DB-B027-09404AF2523E}"
EndProject
Global
	GlobalSection(SolutionConfigurationPlatforms) = preSolution
		Debug|Any CPU = Debug|Any CPU
		Release|Any CPU = Release|Any CPU
	EndGlobalSection
	GlobalSection(ProjectConfigurationPlatforms) = postSolution
		{D62286A6-1BC7-4A54-A6CD-82DBC687DFBF}.Debug|Any CPU.ActiveCfg = Debug|Any CPU
		{D62286A6-1BC7-4A54-A6CD-82DBC687DFBF}.Debug|Any CPU.Build.0 = Debug|Any CPU
		{D62286A6-1BC7-4A54-A6CD-82DBC687DFBF}.Release|Any CPU.ActiveCfg = Release|Any CPU
		{D62286A6-1BC7-4A54-A6CD-82DBC687DFBF}.Release|Any CPU.Build.0 = Release|Any CPU
		{8FB44ECE-DE53-4ECA-8A8F-0FA0EF7821C9}.Debug|Any CPU.ActiveCfg = Debug|Any CPU
		{8FB44ECE-DE53-4ECA-8A8F-0FA0EF7821C9}.Debug|Any CPU.Build.0 = Debug|Any CPU
		{8FB44ECE-DE53-4ECA-8A8F-0FA0EF7821C9}.Release|Any CPU.ActiveCfg = Release|Any CPU
		{8FB44ECE-DE53-4ECA-8A8F-0FA0EF7821C9}.Release|Any CPU.Build.0 = Release|Any CPU
		{7BEF82E1-1E24-42DB-B027-09404AF2523E}.Debug|Any CPU.ActiveCfg = Debug|Any CPU
		{7BEF82E1-1E24-42DB-B027-09404AF2523E}.Debug|Any CPU.Build.0 = Debug|Any CPU
		{7BEF82E1-1E24-42DB-B027-09404AF2523E}.Debug|Any CPU.Deploy.0 = Debug|Any CPU
		{7BEF82E1-1E24-42DB-B027-09404AF2523E}.Release|Any CPU.ActiveCfg = Release|Any CPU
		{7BEF82E1-1E24-42DB-B027-09404AF2523E}.Release|Any CPU.Build.0 = Release|Any CPU
		{7BEF82E1-1E24-42DB-B027-09404AF2523E}.Release|Any CPU.Deploy.0 = Release|Any CPU
	EndGlobalSection
	GlobalSection(SolutionProperties) = preSolution
		HideSolutionNode = FALSE
	EndGlobalSection
	GlobalSection(TeamFoundationVersionControl) = preSolution
		SccNumberOfProjects = 4
		SccEnterpriseProvider = {4CA58AB2-18FA-4F8D-95D4-32DDF27D184C}
		SccTeamFoundationServer = https://nimbusservices.visualstudio.com/defaultcollection
		SccLocalPath0 = .
		SccProjectUniqueName1 = SAEON.ObservationsDB.API.Tests\\SAEON.ObservationsDB.API.Tests.csproj
		SccProjectName1 = SAEON.ObservationsDB.API.Tests
		SccLocalPath1 = SAEON.ObservationsDB.API.Tests
		SccProjectUniqueName2 = SAEON.ObservationsDB.API\\SAEON.ObservationsDB.API.csproj
		SccProjectName2 = SAEON.ObservationsDB.API
		SccLocalPath2 = SAEON.ObservationsDB.API
		SccProjectUniqueName3 = SAEON.ObservationsDB.Database\\SAEON.ObservationsDB.Database.sqlproj
		SccProjectName3 = SAEON.ObservationsDB.Database
		SccLocalPath3 = SAEON.ObservationsDB.Database
	EndGlobalSection
EndGlobal
