
Microsoft Visual Studio Solution File, Format Version 12.00
# Visual Studio Version 16
VisualStudioVersion = 16.0.29102.190
MinimumVisualStudioVersion = 10.0.40219.1
Project("{00D1A9C2-B5F0-4AF3-8072-F6C62B433612}") = "SAEON.Observations.Database", "SAEON.Observations.Database\SAEON.Observations.Database.sqlproj", "{AC68EB6A-31BD-407E-9B65-558E900AEF61}"
EndProject
Project("{FAE04EC0-301F-11D3-BF4B-00C04F79EFBC}") = "SAEON.Observations.Data", "SAEON.Observations.Data\SAEON.Observations.Data.csproj", "{5E1C5955-EE32-4FC2-9B18-A3E505DD278D}"
	ProjectSection(ProjectDependencies) = postProject
		{EE4A10E7-92C3-4EAC-B6DF-5DA1C26F4D1D} = {EE4A10E7-92C3-4EAC-B6DF-5DA1C26F4D1D}
	EndProjectSection
EndProject
Project("{E24C65DC-7377-472B-9ABA-BC803B73C61A}") = "SAEON.Observations.WebSite.Admin", "SAEON.Observations.WebSite.Admin\", "{EEC81A5F-AC32-43B1-941B-E10496D83287}"
	ProjectSection(WebsiteProperties) = preProject
		SccProjectName = "SAK"
		SccAuxPath = "SAK"
		SccLocalPath = "SAK"
		SccProvider = "SAK"
		TargetFrameworkMoniker = ".NETFramework,Version%3Dv4.7.2"
		ProjectReferences = "{ee4a10e7-92c3-4eac-b6df-5da1c26f4d1d}|SubSonic.dll;{5e1c5955-ee32-4fc2-9b18-a3e505dd278d}|SAEON.Observations.Data.dll;"
		Debug.AspNetCompiler.VirtualPath = "/localhost_64350"
		Debug.AspNetCompiler.PhysicalPath = "SAEON.Observations.WebSite.Admin\"
		Debug.AspNetCompiler.TargetPath = "PrecompiledWeb\localhost_64350\"
		Debug.AspNetCompiler.Updateable = "false"
		Debug.AspNetCompiler.ForceOverwrite = "true"
		Debug.AspNetCompiler.FixedNames = "false"
		Debug.AspNetCompiler.Debug = "True"
		Release.AspNetCompiler.VirtualPath = "/localhost_64350"
		Release.AspNetCompiler.PhysicalPath = "SAEON.Observations.WebSite.Admin\"
		Release.AspNetCompiler.TargetPath = "PrecompiledWeb\localhost_64350\"
		Release.AspNetCompiler.Updateable = "false"
		Release.AspNetCompiler.ForceOverwrite = "true"
		Release.AspNetCompiler.FixedNames = "false"
		Release.AspNetCompiler.Debug = "False"
		VWDPort = "64350"
		SlnRelativePath = "SAEON.Observations.WebSite.Admin\"
		DefaultWebSiteLanguage = "Visual C#"
	EndProjectSection
	ProjectSection(ProjectDependencies) = postProject
		{EE4A10E7-92C3-4EAC-B6DF-5DA1C26F4D1D} = {EE4A10E7-92C3-4EAC-B6DF-5DA1C26F4D1D}
	EndProjectSection
EndProject
Project("{2150E333-8FDC-42A3-9474-1A3956D46DE8}") = "Solution Items", "Solution Items", "{E60445F4-F6B6-40A1-BD4A-46A122B068AF}"
	ProjectSection(SolutionItems) = preProject
		License.md = License.md
		ReadMe.md = ReadMe.md
	EndProjectSection
EndProject
Project("{FAE04EC0-301F-11D3-BF4B-00C04F79EFBC}") = "SAEON.SubSonic", "SAEON.SubSonic\SubSonic\SAEON.SubSonic.csproj", "{EE4A10E7-92C3-4EAC-B6DF-5DA1C26F4D1D}"
EndProject
Project("{9A19103F-16F7-4668-BE54-9A1E7A4F7556}") = "SAEON.Observations.WebAPI", "SAEON.Observations.WebAPI\SAEON.Observations.WebAPI.csproj", "{491B3650-B3B3-4FC1-9C5A-18EDAD330A5F}"
	ProjectSection(ProjectDependencies) = postProject
		{95890E69-5D10-4C51-9041-075C6EDF53E1} = {95890E69-5D10-4C51-9041-075C6EDF53E1}
	EndProjectSection
EndProject
Project("{9A19103F-16F7-4668-BE54-9A1E7A4F7556}") = "SAEON.Observations.Azure", "SAEON.Observations.Azure\SAEON.Observations.Azure.csproj", "{BF48C97A-39A1-46A2-B6D8-4888A609274D}"
EndProject
Project("{9A19103F-16F7-4668-BE54-9A1E7A4F7556}") = "SAEON.Observations.SensorThings", "SAEON.Observations.SensorThings\SAEON.Observations.SensorThings.csproj", "{233E3C23-02E4-4751-AC8E-012B38DEB1F6}"
EndProject
Project("{9A19103F-16F7-4668-BE54-9A1E7A4F7556}") = "SAEON.Observations.WebAPI.ComingSoon.v2", "SAEON.Observations.WebAPI.ComingSoon.v2\SAEON.Observations.WebAPI.ComingSoon.v2.csproj", "{A09879A5-B0CB-4E68-A0DA-6267D29F7253}"
EndProject
Project("{FAE04EC0-301F-11D3-BF4B-00C04F79EFBC}") = "SAEON.Observations.Azure.ConsoleTests", "SAEON.Observations.Azure.ConsoleTests\SAEON.Observations.Azure.ConsoleTests.csproj", "{4336A90F-6590-4569-9873-1DCEF8404F7E}"
EndProject
Project("{FAE04EC0-301F-11D3-BF4B-00C04F79EFBC}") = "SAEON.SubSonic.Migrations", "SAEON.SubSonic\SubSonic.Migrations\SAEON.SubSonic.Migrations.csproj", "{0E82F4EB-BA66-474C-A5F9-3D10D1EE2206}"
EndProject
Project("{FAE04EC0-301F-11D3-BF4B-00C04F79EFBC}") = "SAEON.SubSonic.SubCommander", "SAEON.SubSonic\SubCommander\SAEON.SubSonic.SubCommander.csproj", "{39AED956-4929-4A20-9641-6612B9998B31}"
EndProject
Project("{9A19103F-16F7-4668-BE54-9A1E7A4F7556}") = "SAEON.Observations.QuerySite.ComingSoon.v2", "SAEON.Observations.QuerySite.ComingSoon.v2\SAEON.Observations.QuerySite.ComingSoon.v2.csproj", "{346B1C4F-D2AA-44A3-A87B-E3E4767D9CBC}"
EndProject
Project("{9A19103F-16F7-4668-BE54-9A1E7A4F7556}") = "SAEON.Observations.Auth", "SAEON.Observations.Auth\SAEON.Observations.Auth.csproj", "{95890E69-5D10-4C51-9041-075C6EDF53E1}"
EndProject
Project("{9A19103F-16F7-4668-BE54-9A1E7A4F7556}") = "SAEON.Observations.QuerySite.v2", "SAEON.Observations.QuerySite.v2\SAEON.Observations.QuerySite.v2.csproj", "{44EBB238-7C09-4AC0-B0BF-B494FD85880B}"
EndProject
Project("{FAE04EC0-301F-11D3-BF4B-00C04F79EFBC}") = "SAEON.Observations.QuerySite", "SAEON.Observations.QuerySite\SAEON.Observations.QuerySite.csproj", "{B8DB66E6-8EF7-4FD8-9C03-3F1F713A2E6A}"
EndProject
Project("{FAE04EC0-301F-11D3-BF4B-00C04F79EFBC}") = "SAEON.Observations.Core", "SAEON.Observations.Core\SAEON.Observations.Core.csproj", "{89547317-65C0-4258-B764-A3D32566F7CD}"
EndProject
Global
	GlobalSection(SolutionConfigurationPlatforms) = preSolution
		Debug (SQL Server Only)|Any CPU = Debug (SQL Server Only)|Any CPU
		Debug|Any CPU = Debug|Any CPU
		Release (SQL Server Only)|Any CPU = Release (SQL Server Only)|Any CPU
		Release|Any CPU = Release|Any CPU
	EndGlobalSection
	GlobalSection(ProjectConfigurationPlatforms) = postSolution
		{AC68EB6A-31BD-407E-9B65-558E900AEF61}.Debug (SQL Server Only)|Any CPU.ActiveCfg = Debug|Any CPU
		{AC68EB6A-31BD-407E-9B65-558E900AEF61}.Debug (SQL Server Only)|Any CPU.Build.0 = Debug|Any CPU
		{AC68EB6A-31BD-407E-9B65-558E900AEF61}.Debug (SQL Server Only)|Any CPU.Deploy.0 = Debug|Any CPU
		{AC68EB6A-31BD-407E-9B65-558E900AEF61}.Debug|Any CPU.ActiveCfg = Debug|Any CPU
		{AC68EB6A-31BD-407E-9B65-558E900AEF61}.Debug|Any CPU.Build.0 = Debug|Any CPU
		{AC68EB6A-31BD-407E-9B65-558E900AEF61}.Debug|Any CPU.Deploy.0 = Debug|Any CPU
		{AC68EB6A-31BD-407E-9B65-558E900AEF61}.Release (SQL Server Only)|Any CPU.ActiveCfg = Release|Any CPU
		{AC68EB6A-31BD-407E-9B65-558E900AEF61}.Release (SQL Server Only)|Any CPU.Build.0 = Release|Any CPU
		{AC68EB6A-31BD-407E-9B65-558E900AEF61}.Release (SQL Server Only)|Any CPU.Deploy.0 = Release|Any CPU
		{AC68EB6A-31BD-407E-9B65-558E900AEF61}.Release|Any CPU.ActiveCfg = Release|Any CPU
		{AC68EB6A-31BD-407E-9B65-558E900AEF61}.Release|Any CPU.Build.0 = Release|Any CPU
		{AC68EB6A-31BD-407E-9B65-558E900AEF61}.Release|Any CPU.Deploy.0 = Release|Any CPU
		{5E1C5955-EE32-4FC2-9B18-A3E505DD278D}.Debug (SQL Server Only)|Any CPU.ActiveCfg = Debug|Any CPU
		{5E1C5955-EE32-4FC2-9B18-A3E505DD278D}.Debug (SQL Server Only)|Any CPU.Build.0 = Debug|Any CPU
		{5E1C5955-EE32-4FC2-9B18-A3E505DD278D}.Debug|Any CPU.ActiveCfg = Debug|Any CPU
		{5E1C5955-EE32-4FC2-9B18-A3E505DD278D}.Debug|Any CPU.Build.0 = Debug|Any CPU
		{5E1C5955-EE32-4FC2-9B18-A3E505DD278D}.Release (SQL Server Only)|Any CPU.ActiveCfg = Release|Any CPU
		{5E1C5955-EE32-4FC2-9B18-A3E505DD278D}.Release (SQL Server Only)|Any CPU.Build.0 = Release|Any CPU
		{5E1C5955-EE32-4FC2-9B18-A3E505DD278D}.Release|Any CPU.ActiveCfg = Release|Any CPU
		{5E1C5955-EE32-4FC2-9B18-A3E505DD278D}.Release|Any CPU.Build.0 = Release|Any CPU
		{EEC81A5F-AC32-43B1-941B-E10496D83287}.Debug (SQL Server Only)|Any CPU.ActiveCfg = Debug|Any CPU
		{EEC81A5F-AC32-43B1-941B-E10496D83287}.Debug (SQL Server Only)|Any CPU.Build.0 = Debug|Any CPU
		{EEC81A5F-AC32-43B1-941B-E10496D83287}.Debug|Any CPU.ActiveCfg = Debug|Any CPU
		{EEC81A5F-AC32-43B1-941B-E10496D83287}.Debug|Any CPU.Build.0 = Debug|Any CPU
		{EEC81A5F-AC32-43B1-941B-E10496D83287}.Release (SQL Server Only)|Any CPU.ActiveCfg = Debug|Any CPU
		{EEC81A5F-AC32-43B1-941B-E10496D83287}.Release (SQL Server Only)|Any CPU.Build.0 = Debug|Any CPU
		{EEC81A5F-AC32-43B1-941B-E10496D83287}.Release|Any CPU.ActiveCfg = Debug|Any CPU
		{EEC81A5F-AC32-43B1-941B-E10496D83287}.Release|Any CPU.Build.0 = Debug|Any CPU
		{EE4A10E7-92C3-4EAC-B6DF-5DA1C26F4D1D}.Debug (SQL Server Only)|Any CPU.ActiveCfg = Debug (SQL Server Only)|Any CPU
		{EE4A10E7-92C3-4EAC-B6DF-5DA1C26F4D1D}.Debug (SQL Server Only)|Any CPU.Build.0 = Debug (SQL Server Only)|Any CPU
		{EE4A10E7-92C3-4EAC-B6DF-5DA1C26F4D1D}.Debug|Any CPU.ActiveCfg = Debug|Any CPU
		{EE4A10E7-92C3-4EAC-B6DF-5DA1C26F4D1D}.Debug|Any CPU.Build.0 = Debug|Any CPU
		{EE4A10E7-92C3-4EAC-B6DF-5DA1C26F4D1D}.Release (SQL Server Only)|Any CPU.ActiveCfg = Release (SQL Server Only)|Any CPU
		{EE4A10E7-92C3-4EAC-B6DF-5DA1C26F4D1D}.Release (SQL Server Only)|Any CPU.Build.0 = Release (SQL Server Only)|Any CPU
		{EE4A10E7-92C3-4EAC-B6DF-5DA1C26F4D1D}.Release|Any CPU.ActiveCfg = Release|Any CPU
		{EE4A10E7-92C3-4EAC-B6DF-5DA1C26F4D1D}.Release|Any CPU.Build.0 = Release|Any CPU
		{491B3650-B3B3-4FC1-9C5A-18EDAD330A5F}.Debug (SQL Server Only)|Any CPU.ActiveCfg = Debug|Any CPU
		{491B3650-B3B3-4FC1-9C5A-18EDAD330A5F}.Debug (SQL Server Only)|Any CPU.Build.0 = Debug|Any CPU
		{491B3650-B3B3-4FC1-9C5A-18EDAD330A5F}.Debug|Any CPU.ActiveCfg = Debug|Any CPU
		{491B3650-B3B3-4FC1-9C5A-18EDAD330A5F}.Debug|Any CPU.Build.0 = Debug|Any CPU
		{491B3650-B3B3-4FC1-9C5A-18EDAD330A5F}.Release (SQL Server Only)|Any CPU.ActiveCfg = Release|Any CPU
		{491B3650-B3B3-4FC1-9C5A-18EDAD330A5F}.Release (SQL Server Only)|Any CPU.Build.0 = Release|Any CPU
		{491B3650-B3B3-4FC1-9C5A-18EDAD330A5F}.Release|Any CPU.ActiveCfg = Release|Any CPU
		{491B3650-B3B3-4FC1-9C5A-18EDAD330A5F}.Release|Any CPU.Build.0 = Release|Any CPU
		{BF48C97A-39A1-46A2-B6D8-4888A609274D}.Debug (SQL Server Only)|Any CPU.ActiveCfg = Debug|Any CPU
		{BF48C97A-39A1-46A2-B6D8-4888A609274D}.Debug (SQL Server Only)|Any CPU.Build.0 = Debug|Any CPU
		{BF48C97A-39A1-46A2-B6D8-4888A609274D}.Debug|Any CPU.ActiveCfg = Debug|Any CPU
		{BF48C97A-39A1-46A2-B6D8-4888A609274D}.Debug|Any CPU.Build.0 = Debug|Any CPU
		{BF48C97A-39A1-46A2-B6D8-4888A609274D}.Release (SQL Server Only)|Any CPU.ActiveCfg = Release|Any CPU
		{BF48C97A-39A1-46A2-B6D8-4888A609274D}.Release (SQL Server Only)|Any CPU.Build.0 = Release|Any CPU
		{BF48C97A-39A1-46A2-B6D8-4888A609274D}.Release|Any CPU.ActiveCfg = Release|Any CPU
		{BF48C97A-39A1-46A2-B6D8-4888A609274D}.Release|Any CPU.Build.0 = Release|Any CPU
		{233E3C23-02E4-4751-AC8E-012B38DEB1F6}.Debug (SQL Server Only)|Any CPU.ActiveCfg = Debug|Any CPU
		{233E3C23-02E4-4751-AC8E-012B38DEB1F6}.Debug (SQL Server Only)|Any CPU.Build.0 = Debug|Any CPU
		{233E3C23-02E4-4751-AC8E-012B38DEB1F6}.Debug|Any CPU.ActiveCfg = Debug|Any CPU
		{233E3C23-02E4-4751-AC8E-012B38DEB1F6}.Debug|Any CPU.Build.0 = Debug|Any CPU
		{233E3C23-02E4-4751-AC8E-012B38DEB1F6}.Release (SQL Server Only)|Any CPU.ActiveCfg = Release|Any CPU
		{233E3C23-02E4-4751-AC8E-012B38DEB1F6}.Release (SQL Server Only)|Any CPU.Build.0 = Release|Any CPU
		{233E3C23-02E4-4751-AC8E-012B38DEB1F6}.Release|Any CPU.ActiveCfg = Release|Any CPU
		{233E3C23-02E4-4751-AC8E-012B38DEB1F6}.Release|Any CPU.Build.0 = Release|Any CPU
		{A09879A5-B0CB-4E68-A0DA-6267D29F7253}.Debug (SQL Server Only)|Any CPU.ActiveCfg = Debug|Any CPU
		{A09879A5-B0CB-4E68-A0DA-6267D29F7253}.Debug (SQL Server Only)|Any CPU.Build.0 = Debug|Any CPU
		{A09879A5-B0CB-4E68-A0DA-6267D29F7253}.Debug|Any CPU.ActiveCfg = Debug|Any CPU
		{A09879A5-B0CB-4E68-A0DA-6267D29F7253}.Debug|Any CPU.Build.0 = Debug|Any CPU
		{A09879A5-B0CB-4E68-A0DA-6267D29F7253}.Release (SQL Server Only)|Any CPU.ActiveCfg = Release|Any CPU
		{A09879A5-B0CB-4E68-A0DA-6267D29F7253}.Release (SQL Server Only)|Any CPU.Build.0 = Release|Any CPU
		{A09879A5-B0CB-4E68-A0DA-6267D29F7253}.Release|Any CPU.ActiveCfg = Release|Any CPU
		{A09879A5-B0CB-4E68-A0DA-6267D29F7253}.Release|Any CPU.Build.0 = Release|Any CPU
		{4336A90F-6590-4569-9873-1DCEF8404F7E}.Debug (SQL Server Only)|Any CPU.ActiveCfg = Debug|Any CPU
		{4336A90F-6590-4569-9873-1DCEF8404F7E}.Debug (SQL Server Only)|Any CPU.Build.0 = Debug|Any CPU
		{4336A90F-6590-4569-9873-1DCEF8404F7E}.Debug|Any CPU.ActiveCfg = Debug|Any CPU
		{4336A90F-6590-4569-9873-1DCEF8404F7E}.Debug|Any CPU.Build.0 = Debug|Any CPU
		{4336A90F-6590-4569-9873-1DCEF8404F7E}.Release (SQL Server Only)|Any CPU.ActiveCfg = Release|Any CPU
		{4336A90F-6590-4569-9873-1DCEF8404F7E}.Release (SQL Server Only)|Any CPU.Build.0 = Release|Any CPU
		{4336A90F-6590-4569-9873-1DCEF8404F7E}.Release|Any CPU.ActiveCfg = Release|Any CPU
		{4336A90F-6590-4569-9873-1DCEF8404F7E}.Release|Any CPU.Build.0 = Release|Any CPU
		{0E82F4EB-BA66-474C-A5F9-3D10D1EE2206}.Debug (SQL Server Only)|Any CPU.ActiveCfg = Debug|Any CPU
		{0E82F4EB-BA66-474C-A5F9-3D10D1EE2206}.Debug (SQL Server Only)|Any CPU.Build.0 = Debug|Any CPU
		{0E82F4EB-BA66-474C-A5F9-3D10D1EE2206}.Debug|Any CPU.ActiveCfg = Debug|Any CPU
		{0E82F4EB-BA66-474C-A5F9-3D10D1EE2206}.Debug|Any CPU.Build.0 = Debug|Any CPU
		{0E82F4EB-BA66-474C-A5F9-3D10D1EE2206}.Release (SQL Server Only)|Any CPU.ActiveCfg = Release|Any CPU
		{0E82F4EB-BA66-474C-A5F9-3D10D1EE2206}.Release (SQL Server Only)|Any CPU.Build.0 = Release|Any CPU
		{0E82F4EB-BA66-474C-A5F9-3D10D1EE2206}.Release|Any CPU.ActiveCfg = Release|Any CPU
		{0E82F4EB-BA66-474C-A5F9-3D10D1EE2206}.Release|Any CPU.Build.0 = Release|Any CPU
		{39AED956-4929-4A20-9641-6612B9998B31}.Debug (SQL Server Only)|Any CPU.ActiveCfg = Debug|Any CPU
		{39AED956-4929-4A20-9641-6612B9998B31}.Debug (SQL Server Only)|Any CPU.Build.0 = Debug|Any CPU
		{39AED956-4929-4A20-9641-6612B9998B31}.Debug|Any CPU.ActiveCfg = Debug|Any CPU
		{39AED956-4929-4A20-9641-6612B9998B31}.Debug|Any CPU.Build.0 = Debug|Any CPU
		{39AED956-4929-4A20-9641-6612B9998B31}.Release (SQL Server Only)|Any CPU.ActiveCfg = Release|Any CPU
		{39AED956-4929-4A20-9641-6612B9998B31}.Release (SQL Server Only)|Any CPU.Build.0 = Release|Any CPU
		{39AED956-4929-4A20-9641-6612B9998B31}.Release|Any CPU.ActiveCfg = Release|Any CPU
		{39AED956-4929-4A20-9641-6612B9998B31}.Release|Any CPU.Build.0 = Release|Any CPU
		{346B1C4F-D2AA-44A3-A87B-E3E4767D9CBC}.Debug (SQL Server Only)|Any CPU.ActiveCfg = Debug|Any CPU
		{346B1C4F-D2AA-44A3-A87B-E3E4767D9CBC}.Debug (SQL Server Only)|Any CPU.Build.0 = Debug|Any CPU
		{346B1C4F-D2AA-44A3-A87B-E3E4767D9CBC}.Debug|Any CPU.ActiveCfg = Debug|Any CPU
		{346B1C4F-D2AA-44A3-A87B-E3E4767D9CBC}.Debug|Any CPU.Build.0 = Debug|Any CPU
		{346B1C4F-D2AA-44A3-A87B-E3E4767D9CBC}.Release (SQL Server Only)|Any CPU.ActiveCfg = Release|Any CPU
		{346B1C4F-D2AA-44A3-A87B-E3E4767D9CBC}.Release (SQL Server Only)|Any CPU.Build.0 = Release|Any CPU
		{346B1C4F-D2AA-44A3-A87B-E3E4767D9CBC}.Release|Any CPU.ActiveCfg = Release|Any CPU
		{346B1C4F-D2AA-44A3-A87B-E3E4767D9CBC}.Release|Any CPU.Build.0 = Release|Any CPU
		{95890E69-5D10-4C51-9041-075C6EDF53E1}.Debug (SQL Server Only)|Any CPU.ActiveCfg = Debug|Any CPU
		{95890E69-5D10-4C51-9041-075C6EDF53E1}.Debug (SQL Server Only)|Any CPU.Build.0 = Debug|Any CPU
		{95890E69-5D10-4C51-9041-075C6EDF53E1}.Debug|Any CPU.ActiveCfg = Debug|Any CPU
		{95890E69-5D10-4C51-9041-075C6EDF53E1}.Debug|Any CPU.Build.0 = Debug|Any CPU
		{95890E69-5D10-4C51-9041-075C6EDF53E1}.Release (SQL Server Only)|Any CPU.ActiveCfg = Release|Any CPU
		{95890E69-5D10-4C51-9041-075C6EDF53E1}.Release (SQL Server Only)|Any CPU.Build.0 = Release|Any CPU
		{95890E69-5D10-4C51-9041-075C6EDF53E1}.Release|Any CPU.ActiveCfg = Release|Any CPU
		{95890E69-5D10-4C51-9041-075C6EDF53E1}.Release|Any CPU.Build.0 = Release|Any CPU
		{44EBB238-7C09-4AC0-B0BF-B494FD85880B}.Debug (SQL Server Only)|Any CPU.ActiveCfg = Debug|Any CPU
		{44EBB238-7C09-4AC0-B0BF-B494FD85880B}.Debug (SQL Server Only)|Any CPU.Build.0 = Debug|Any CPU
		{44EBB238-7C09-4AC0-B0BF-B494FD85880B}.Debug|Any CPU.ActiveCfg = Debug|Any CPU
		{44EBB238-7C09-4AC0-B0BF-B494FD85880B}.Debug|Any CPU.Build.0 = Debug|Any CPU
		{44EBB238-7C09-4AC0-B0BF-B494FD85880B}.Release (SQL Server Only)|Any CPU.ActiveCfg = Release|Any CPU
		{44EBB238-7C09-4AC0-B0BF-B494FD85880B}.Release (SQL Server Only)|Any CPU.Build.0 = Release|Any CPU
		{44EBB238-7C09-4AC0-B0BF-B494FD85880B}.Release|Any CPU.ActiveCfg = Release|Any CPU
		{44EBB238-7C09-4AC0-B0BF-B494FD85880B}.Release|Any CPU.Build.0 = Release|Any CPU
		{B8DB66E6-8EF7-4FD8-9C03-3F1F713A2E6A}.Debug (SQL Server Only)|Any CPU.ActiveCfg = Debug|Any CPU
		{B8DB66E6-8EF7-4FD8-9C03-3F1F713A2E6A}.Debug (SQL Server Only)|Any CPU.Build.0 = Debug|Any CPU
		{B8DB66E6-8EF7-4FD8-9C03-3F1F713A2E6A}.Debug|Any CPU.ActiveCfg = Debug|Any CPU
		{B8DB66E6-8EF7-4FD8-9C03-3F1F713A2E6A}.Debug|Any CPU.Build.0 = Debug|Any CPU
		{B8DB66E6-8EF7-4FD8-9C03-3F1F713A2E6A}.Release (SQL Server Only)|Any CPU.ActiveCfg = Release|Any CPU
		{B8DB66E6-8EF7-4FD8-9C03-3F1F713A2E6A}.Release (SQL Server Only)|Any CPU.Build.0 = Release|Any CPU
		{B8DB66E6-8EF7-4FD8-9C03-3F1F713A2E6A}.Release|Any CPU.ActiveCfg = Release|Any CPU
		{B8DB66E6-8EF7-4FD8-9C03-3F1F713A2E6A}.Release|Any CPU.Build.0 = Release|Any CPU
		{89547317-65C0-4258-B764-A3D32566F7CD}.Debug (SQL Server Only)|Any CPU.ActiveCfg = Debug|Any CPU
		{89547317-65C0-4258-B764-A3D32566F7CD}.Debug (SQL Server Only)|Any CPU.Build.0 = Debug|Any CPU
		{89547317-65C0-4258-B764-A3D32566F7CD}.Debug|Any CPU.ActiveCfg = Debug|Any CPU
		{89547317-65C0-4258-B764-A3D32566F7CD}.Debug|Any CPU.Build.0 = Debug|Any CPU
		{89547317-65C0-4258-B764-A3D32566F7CD}.Release (SQL Server Only)|Any CPU.ActiveCfg = Release|Any CPU
		{89547317-65C0-4258-B764-A3D32566F7CD}.Release (SQL Server Only)|Any CPU.Build.0 = Release|Any CPU
		{89547317-65C0-4258-B764-A3D32566F7CD}.Release|Any CPU.ActiveCfg = Release|Any CPU
		{89547317-65C0-4258-B764-A3D32566F7CD}.Release|Any CPU.Build.0 = Release|Any CPU
	EndGlobalSection
	GlobalSection(SolutionProperties) = preSolution
		HideSolutionNode = FALSE
	EndGlobalSection
	GlobalSection(ExtensibilityGlobals) = postSolution
		SolutionGuid = {CFA1C962-867C-4697-B5FE-585ACC8DE9A0}
	EndGlobalSection
EndGlobal
