
Microsoft Visual Studio Solution File, Format Version 12.00
# Visual Studio 14
VisualStudioVersion = 14.0.25420.1
MinimumVisualStudioVersion = 10.0.40219.1
Project("{00D1A9C2-B5F0-4AF3-8072-F6C62B433612}") = "SAEON.Observations.Database", "SAEON.Observations.Database\SAEON.Observations.Database.sqlproj", "{AC68EB6A-31BD-407E-9B65-558E900AEF61}"
EndProject
Project("{FAE04EC0-301F-11D3-BF4B-00C04F79EFBC}") = "SAEON.Observations.Data", "SAEON.Observations.Data\SAEON.Observations.Data.csproj", "{5E1C5955-EE32-4FC2-9B18-A3E505DD278D}"
EndProject
Project("{E24C65DC-7377-472B-9ABA-BC803B73C61A}") = "SAEON.Observations.WebSite.Admin", "SAEON.Observations.WebSite.Admin\", "{EEC81A5F-AC32-43B1-941B-E10496D83287}"
	ProjectSection(WebsiteProperties) = preProject
		SccProjectName = "SAK"
		SccAuxPath = "SAK"
		SccLocalPath = "SAK"
		SccProvider = "SAK"
		TargetFrameworkMoniker = ".NETFramework,Version%3Dv4.5"
		ProjectReferences = "{5e1c5955-ee32-4fc2-9b18-a3e505dd278d}|SAEON.Observations.Data.dll;"
		Debug.AspNetCompiler.VirtualPath = "/localhost_54378"
		Debug.AspNetCompiler.PhysicalPath = "SAEON.Observations.WebSite.Admin\"
		Debug.AspNetCompiler.TargetPath = "PrecompiledWeb\localhost_54378\"
		Debug.AspNetCompiler.Updateable = "false"
		Debug.AspNetCompiler.ForceOverwrite = "true"
		Debug.AspNetCompiler.FixedNames = "false"
		Debug.AspNetCompiler.Debug = "True"
		Release.AspNetCompiler.VirtualPath = "/localhost_54378"
		Release.AspNetCompiler.PhysicalPath = "SAEON.Observations.WebSite.Admin\"
		Release.AspNetCompiler.TargetPath = "PrecompiledWeb\localhost_54378\"
		Release.AspNetCompiler.Updateable = "false"
		Release.AspNetCompiler.ForceOverwrite = "true"
		Release.AspNetCompiler.FixedNames = "false"
		Release.AspNetCompiler.Debug = "False"
		VWDPort = "54378"
		SlnRelativePath = "SAEON.Observations.WebSite.Admin\"
		DefaultWebSiteLanguage = "Visual C#"
	EndProjectSection
	ProjectSection(ProjectDependencies) = postProject
		{9280C8D0-C7B0-4D21-A68C-A829BE448C35} = {9280C8D0-C7B0-4D21-A68C-A829BE448C35}
		{EE4A10E7-92C3-4EAC-B6DF-5DA1C26F4D1D} = {EE4A10E7-92C3-4EAC-B6DF-5DA1C26F4D1D}
	EndProjectSection
EndProject
Project("{2150E333-8FDC-42A3-9474-1A3956D46DE8}") = "Solution Items", "Solution Items", "{E60445F4-F6B6-40A1-BD4A-46A122B068AF}"
	ProjectSection(SolutionItems) = preProject
		License.md = License.md
		ReadMe.md = ReadMe.md
	EndProjectSection
EndProject
Project("{FAE04EC0-301F-11D3-BF4B-00C04F79EFBC}") = "SAEON.FileHelpers", "SAEON.FileHelpers\SAEON.FileHelpers.csproj", "{9280C8D0-C7B0-4D21-A68C-A829BE448C35}"
EndProject
Project("{FAE04EC0-301F-11D3-BF4B-00C04F79EFBC}") = "SAEON.SubSonic", "SAEON.SubSonic\SubSonic\SAEON.SubSonic.csproj", "{EE4A10E7-92C3-4EAC-B6DF-5DA1C26F4D1D}"
EndProject
Project("{FAE04EC0-301F-11D3-BF4B-00C04F79EFBC}") = "SAEON.Observations.QuerySite", "SAEON.Observations.QuerySite\SAEON.Observations.QuerySite.csproj", "{593E9A77-F2B6-44FB-A324-A9D1F1F20348}"
	ProjectSection(ProjectDependencies) = postProject
		{FE8EA8E4-ABF7-4CE8-8689-40AAB3F79F5A} = {FE8EA8E4-ABF7-4CE8-8689-40AAB3F79F5A}
	EndProjectSection
EndProject
Project("{FAE04EC0-301F-11D3-BF4B-00C04F79EFBC}") = "SAEON.Observations.QuerySite.Tests", "SAEON.Observations.QuerySite.Tests\SAEON.Observations.QuerySite.Tests.csproj", "{5A79BA42-446A-4A3B-99D1-7316448AE98D}"
EndProject
Project("{FAE04EC0-301F-11D3-BF4B-00C04F79EFBC}") = "SAEON.Observations.WebAPI", "SAEON.Observations.WebAPI\SAEON.Observations.WebAPI.csproj", "{FE8EA8E4-ABF7-4CE8-8689-40AAB3F79F5A}"
EndProject
Project("{FAE04EC0-301F-11D3-BF4B-00C04F79EFBC}") = "SAEON.Observations.WebAPI.Tests", "SAEON.Observations.WebAPI.Tests\SAEON.Observations.WebAPI.Tests.csproj", "{C1C4DA4D-AA75-4B56-BF55-AF251CA2C8E5}"
EndProject
Project("{FAE04EC0-301F-11D3-BF4B-00C04F79EFBC}") = "SAEON.Observations.Core", "SAEON.Observations.Core\SAEON.Observations.Core.csproj", "{E3791465-CCCE-4E02-AF9F-8F677148FEE1}"
EndProject
Global
	GlobalSection(SolutionConfigurationPlatforms) = preSolution
		Debug (SQL Server Only)|Any CPU = Debug (SQL Server Only)|Any CPU
		Debug|Any CPU = Debug|Any CPU
		Release (SQL Server Only)|Any CPU = Release (SQL Server Only)|Any CPU
		Release|Any CPU = Release|Any CPU
	EndGlobalSection
	GlobalSection(ProjectConfigurationPlatforms) = postSolution
		{AC68EB6A-31BD-407E-9B65-558E900AEF61}.Debug (SQL Server Only)|Any CPU.ActiveCfg = Debug|Any CPU
		{AC68EB6A-31BD-407E-9B65-558E900AEF61}.Debug (SQL Server Only)|Any CPU.Build.0 = Debug|Any CPU
		{AC68EB6A-31BD-407E-9B65-558E900AEF61}.Debug (SQL Server Only)|Any CPU.Deploy.0 = Debug|Any CPU
		{AC68EB6A-31BD-407E-9B65-558E900AEF61}.Debug|Any CPU.ActiveCfg = Debug|Any CPU
		{AC68EB6A-31BD-407E-9B65-558E900AEF61}.Debug|Any CPU.Build.0 = Debug|Any CPU
		{AC68EB6A-31BD-407E-9B65-558E900AEF61}.Debug|Any CPU.Deploy.0 = Debug|Any CPU
		{AC68EB6A-31BD-407E-9B65-558E900AEF61}.Release (SQL Server Only)|Any CPU.ActiveCfg = Release|Any CPU
		{AC68EB6A-31BD-407E-9B65-558E900AEF61}.Release (SQL Server Only)|Any CPU.Build.0 = Release|Any CPU
		{AC68EB6A-31BD-407E-9B65-558E900AEF61}.Release (SQL Server Only)|Any CPU.Deploy.0 = Release|Any CPU
		{AC68EB6A-31BD-407E-9B65-558E900AEF61}.Release|Any CPU.ActiveCfg = Release|Any CPU
		{AC68EB6A-31BD-407E-9B65-558E900AEF61}.Release|Any CPU.Build.0 = Release|Any CPU
		{AC68EB6A-31BD-407E-9B65-558E900AEF61}.Release|Any CPU.Deploy.0 = Release|Any CPU
		{5E1C5955-EE32-4FC2-9B18-A3E505DD278D}.Debug (SQL Server Only)|Any CPU.ActiveCfg = Debug|Any CPU
		{5E1C5955-EE32-4FC2-9B18-A3E505DD278D}.Debug (SQL Server Only)|Any CPU.Build.0 = Debug|Any CPU
		{5E1C5955-EE32-4FC2-9B18-A3E505DD278D}.Debug|Any CPU.ActiveCfg = Debug|Any CPU
		{5E1C5955-EE32-4FC2-9B18-A3E505DD278D}.Debug|Any CPU.Build.0 = Debug|Any CPU
		{5E1C5955-EE32-4FC2-9B18-A3E505DD278D}.Release (SQL Server Only)|Any CPU.ActiveCfg = Release|Any CPU
		{5E1C5955-EE32-4FC2-9B18-A3E505DD278D}.Release (SQL Server Only)|Any CPU.Build.0 = Release|Any CPU
		{5E1C5955-EE32-4FC2-9B18-A3E505DD278D}.Release|Any CPU.ActiveCfg = Release|Any CPU
		{5E1C5955-EE32-4FC2-9B18-A3E505DD278D}.Release|Any CPU.Build.0 = Release|Any CPU
		{EEC81A5F-AC32-43B1-941B-E10496D83287}.Debug (SQL Server Only)|Any CPU.ActiveCfg = Debug|Any CPU
		{EEC81A5F-AC32-43B1-941B-E10496D83287}.Debug (SQL Server Only)|Any CPU.Build.0 = Debug|Any CPU
		{EEC81A5F-AC32-43B1-941B-E10496D83287}.Debug|Any CPU.ActiveCfg = Debug|Any CPU
		{EEC81A5F-AC32-43B1-941B-E10496D83287}.Debug|Any CPU.Build.0 = Debug|Any CPU
		{EEC81A5F-AC32-43B1-941B-E10496D83287}.Release (SQL Server Only)|Any CPU.ActiveCfg = Debug|Any CPU
		{EEC81A5F-AC32-43B1-941B-E10496D83287}.Release (SQL Server Only)|Any CPU.Build.0 = Debug|Any CPU
		{EEC81A5F-AC32-43B1-941B-E10496D83287}.Release|Any CPU.ActiveCfg = Debug|Any CPU
		{EEC81A5F-AC32-43B1-941B-E10496D83287}.Release|Any CPU.Build.0 = Debug|Any CPU
		{9280C8D0-C7B0-4D21-A68C-A829BE448C35}.Debug (SQL Server Only)|Any CPU.ActiveCfg = Debug|Any CPU
		{9280C8D0-C7B0-4D21-A68C-A829BE448C35}.Debug (SQL Server Only)|Any CPU.Build.0 = Debug|Any CPU
		{9280C8D0-C7B0-4D21-A68C-A829BE448C35}.Debug|Any CPU.ActiveCfg = Debug|Any CPU
		{9280C8D0-C7B0-4D21-A68C-A829BE448C35}.Debug|Any CPU.Build.0 = Debug|Any CPU
		{9280C8D0-C7B0-4D21-A68C-A829BE448C35}.Release (SQL Server Only)|Any CPU.ActiveCfg = Release|Any CPU
		{9280C8D0-C7B0-4D21-A68C-A829BE448C35}.Release (SQL Server Only)|Any CPU.Build.0 = Release|Any CPU
		{9280C8D0-C7B0-4D21-A68C-A829BE448C35}.Release|Any CPU.ActiveCfg = Release|Any CPU
		{9280C8D0-C7B0-4D21-A68C-A829BE448C35}.Release|Any CPU.Build.0 = Release|Any CPU
		{EE4A10E7-92C3-4EAC-B6DF-5DA1C26F4D1D}.Debug (SQL Server Only)|Any CPU.ActiveCfg = Debug (SQL Server Only)|Any CPU
		{EE4A10E7-92C3-4EAC-B6DF-5DA1C26F4D1D}.Debug (SQL Server Only)|Any CPU.Build.0 = Debug (SQL Server Only)|Any CPU
		{EE4A10E7-92C3-4EAC-B6DF-5DA1C26F4D1D}.Debug|Any CPU.ActiveCfg = Debug|Any CPU
		{EE4A10E7-92C3-4EAC-B6DF-5DA1C26F4D1D}.Debug|Any CPU.Build.0 = Debug|Any CPU
		{EE4A10E7-92C3-4EAC-B6DF-5DA1C26F4D1D}.Release (SQL Server Only)|Any CPU.ActiveCfg = Release (SQL Server Only)|Any CPU
		{EE4A10E7-92C3-4EAC-B6DF-5DA1C26F4D1D}.Release (SQL Server Only)|Any CPU.Build.0 = Release (SQL Server Only)|Any CPU
		{EE4A10E7-92C3-4EAC-B6DF-5DA1C26F4D1D}.Release|Any CPU.ActiveCfg = Release|Any CPU
		{EE4A10E7-92C3-4EAC-B6DF-5DA1C26F4D1D}.Release|Any CPU.Build.0 = Release|Any CPU
		{593E9A77-F2B6-44FB-A324-A9D1F1F20348}.Debug (SQL Server Only)|Any CPU.ActiveCfg = Debug|Any CPU
		{593E9A77-F2B6-44FB-A324-A9D1F1F20348}.Debug (SQL Server Only)|Any CPU.Build.0 = Debug|Any CPU
		{593E9A77-F2B6-44FB-A324-A9D1F1F20348}.Debug|Any CPU.ActiveCfg = Debug|Any CPU
		{593E9A77-F2B6-44FB-A324-A9D1F1F20348}.Debug|Any CPU.Build.0 = Debug|Any CPU
		{593E9A77-F2B6-44FB-A324-A9D1F1F20348}.Release (SQL Server Only)|Any CPU.ActiveCfg = Release|Any CPU
		{593E9A77-F2B6-44FB-A324-A9D1F1F20348}.Release (SQL Server Only)|Any CPU.Build.0 = Release|Any CPU
		{593E9A77-F2B6-44FB-A324-A9D1F1F20348}.Release|Any CPU.ActiveCfg = Release|Any CPU
		{593E9A77-F2B6-44FB-A324-A9D1F1F20348}.Release|Any CPU.Build.0 = Release|Any CPU
		{5A79BA42-446A-4A3B-99D1-7316448AE98D}.Debug (SQL Server Only)|Any CPU.ActiveCfg = Debug|Any CPU
		{5A79BA42-446A-4A3B-99D1-7316448AE98D}.Debug (SQL Server Only)|Any CPU.Build.0 = Debug|Any CPU
		{5A79BA42-446A-4A3B-99D1-7316448AE98D}.Debug|Any CPU.ActiveCfg = Debug|Any CPU
		{5A79BA42-446A-4A3B-99D1-7316448AE98D}.Debug|Any CPU.Build.0 = Debug|Any CPU
		{5A79BA42-446A-4A3B-99D1-7316448AE98D}.Release (SQL Server Only)|Any CPU.ActiveCfg = Release|Any CPU
		{5A79BA42-446A-4A3B-99D1-7316448AE98D}.Release (SQL Server Only)|Any CPU.Build.0 = Release|Any CPU
		{5A79BA42-446A-4A3B-99D1-7316448AE98D}.Release|Any CPU.ActiveCfg = Release|Any CPU
		{5A79BA42-446A-4A3B-99D1-7316448AE98D}.Release|Any CPU.Build.0 = Release|Any CPU
		{FE8EA8E4-ABF7-4CE8-8689-40AAB3F79F5A}.Debug (SQL Server Only)|Any CPU.ActiveCfg = Debug|Any CPU
		{FE8EA8E4-ABF7-4CE8-8689-40AAB3F79F5A}.Debug (SQL Server Only)|Any CPU.Build.0 = Debug|Any CPU
		{FE8EA8E4-ABF7-4CE8-8689-40AAB3F79F5A}.Debug|Any CPU.ActiveCfg = Debug|Any CPU
		{FE8EA8E4-ABF7-4CE8-8689-40AAB3F79F5A}.Debug|Any CPU.Build.0 = Debug|Any CPU
		{FE8EA8E4-ABF7-4CE8-8689-40AAB3F79F5A}.Release (SQL Server Only)|Any CPU.ActiveCfg = Release|Any CPU
		{FE8EA8E4-ABF7-4CE8-8689-40AAB3F79F5A}.Release (SQL Server Only)|Any CPU.Build.0 = Release|Any CPU
		{FE8EA8E4-ABF7-4CE8-8689-40AAB3F79F5A}.Release|Any CPU.ActiveCfg = Release|Any CPU
		{FE8EA8E4-ABF7-4CE8-8689-40AAB3F79F5A}.Release|Any CPU.Build.0 = Release|Any CPU
		{C1C4DA4D-AA75-4B56-BF55-AF251CA2C8E5}.Debug (SQL Server Only)|Any CPU.ActiveCfg = Debug|Any CPU
		{C1C4DA4D-AA75-4B56-BF55-AF251CA2C8E5}.Debug (SQL Server Only)|Any CPU.Build.0 = Debug|Any CPU
		{C1C4DA4D-AA75-4B56-BF55-AF251CA2C8E5}.Debug|Any CPU.ActiveCfg = Debug|Any CPU
		{C1C4DA4D-AA75-4B56-BF55-AF251CA2C8E5}.Debug|Any CPU.Build.0 = Debug|Any CPU
		{C1C4DA4D-AA75-4B56-BF55-AF251CA2C8E5}.Release (SQL Server Only)|Any CPU.ActiveCfg = Release|Any CPU
		{C1C4DA4D-AA75-4B56-BF55-AF251CA2C8E5}.Release (SQL Server Only)|Any CPU.Build.0 = Release|Any CPU
		{C1C4DA4D-AA75-4B56-BF55-AF251CA2C8E5}.Release|Any CPU.ActiveCfg = Release|Any CPU
		{C1C4DA4D-AA75-4B56-BF55-AF251CA2C8E5}.Release|Any CPU.Build.0 = Release|Any CPU
		{E3791465-CCCE-4E02-AF9F-8F677148FEE1}.Debug (SQL Server Only)|Any CPU.ActiveCfg = Debug|Any CPU
		{E3791465-CCCE-4E02-AF9F-8F677148FEE1}.Debug (SQL Server Only)|Any CPU.Build.0 = Debug|Any CPU
		{E3791465-CCCE-4E02-AF9F-8F677148FEE1}.Debug|Any CPU.ActiveCfg = Debug|Any CPU
		{E3791465-CCCE-4E02-AF9F-8F677148FEE1}.Debug|Any CPU.Build.0 = Debug|Any CPU
		{E3791465-CCCE-4E02-AF9F-8F677148FEE1}.Release (SQL Server Only)|Any CPU.ActiveCfg = Release|Any CPU
		{E3791465-CCCE-4E02-AF9F-8F677148FEE1}.Release (SQL Server Only)|Any CPU.Build.0 = Release|Any CPU
		{E3791465-CCCE-4E02-AF9F-8F677148FEE1}.Release|Any CPU.ActiveCfg = Release|Any CPU
		{E3791465-CCCE-4E02-AF9F-8F677148FEE1}.Release|Any CPU.Build.0 = Release|Any CPU
	EndGlobalSection
	GlobalSection(SolutionProperties) = preSolution
		HideSolutionNode = FALSE
	EndGlobalSection
EndGlobal
