{
  "name": "saeon.observations.querysite",
  "version": "1.0.0",
  "lockfileVersion": 1,
  "requires": true,
  "dependencies": {
    "@types/ej.web.all": {
      "version": "16.4.3",
      "resolved": "https://registry.npmjs.org/@types/ej.web.all/-/ej.web.all-16.4.3.tgz",
      "integrity": "sha512-0+ucs5BhdcR4EW4tCFR9UkstZYEcpiZKJFNWnRJDh85T81JT1yX+OdEJoekbmfrKzoOPL1fSbl2srlIM2IXKGw==",
      "requires": {
        "@types/jquery": "*"
      }
    },
    "@types/google-maps": {
      "version": "3.2.1",
      "resolved": "https://registry.npmjs.org/@types/google-maps/-/google-maps-3.2.1.tgz",
      "integrity": "sha512-0JeYMqVUeolC2hC1v8s49vjg5zt/tQXDzzcZfWxzx8Kcu1xDSpULFkhI33CIUZ/r8PmGvrud9EEZqFhJlOE4/A==",
      "requires": {
        "@types/googlemaps": "*"
      }
    },
    "@types/googlemaps": {
      "version": "3.38.1",
      "resolved": "https://registry.npmjs.org/@types/googlemaps/-/googlemaps-3.38.1.tgz",
      "integrity": "sha512-6rVIwaJOKXAMzg+Cz22+fJkgQd8IMK8q9DBSL3Wg9GAffGCy71MdTEf+8T9bIa4mvC0DClEsyzwrOfuf9rM0Zg=="
    },
    "@types/jquery": {
      "version": "3.3.31",
      "resolved": "https://registry.npmjs.org/@types/jquery/-/jquery-3.3.31.tgz",
      "integrity": "sha512-Lz4BAJihoFw5nRzKvg4nawXPzutkv7wmfQ5121avptaSIXlDNJCUuxZxX/G+9EVidZGuO0UBlk+YjKbwRKJigg==",
      "requires": {
        "@types/sizzle": "*"
      }
    },
    "@types/sizzle": {
      "version": "2.3.2",
      "resolved": "https://registry.npmjs.org/@types/sizzle/-/sizzle-2.3.2.tgz",
      "integrity": "sha512-7EJYyKTL7tFR8+gDbB6Wwz/arpGa0Mywk1TJbNzKzHtzbwVmY4HR9WqS5VV7dsBUKQmPNr192jHr/VpBluj/hg=="
    }
  }
}
