{
  "name": "saeon.observations.querysite",
  "version": "1.0.0",
  "lockfileVersion": 1,
  "requires": true,
  "dependencies": {
    "@types/ej.web.all": {
      "version": "16.4.3",
      "resolved": "https://registry.npmjs.org/@types/ej.web.all/-/ej.web.all-16.4.3.tgz",
      "integrity": "sha512-0+ucs5BhdcR4EW4tCFR9UkstZYEcpiZKJFNWnRJDh85T81JT1yX+OdEJoekbmfrKzoOPL1fSbl2srlIM2IXKGw==",
      "requires": {
        "@types/jquery": "*"
      }
    },
    "@types/google-maps": {
      "version": "3.2.1",
      "resolved": "https://registry.npmjs.org/@types/google-maps/-/google-maps-3.2.1.tgz",
      "integrity": "sha512-0JeYMqVUeolC2hC1v8s49vjg5zt/tQXDzzcZfWxzx8Kcu1xDSpULFkhI33CIUZ/r8PmGvrud9EEZqFhJlOE4/A==",
      "requires": {
        "@types/googlemaps": "*"
      }
    },
    "@types/googlemaps": {
      "version": "3.36.2",
      "resolved": "https://registry.npmjs.org/@types/googlemaps/-/googlemaps-3.36.2.tgz",
      "integrity": "sha512-7rF/VXWgd8LYg3HqmSFQYu+NGTzFauaW3oic1f8WjCWxOYIiyuN5gd7hrfhVMcxKRZuIyVcbuI8ty5P+3qNQ5w=="
    },
    "@types/jquery": {
      "version": "3.3.29",
      "resolved": "https://registry.npmjs.org/@types/jquery/-/jquery-3.3.29.tgz",
      "integrity": "sha512-FhJvBninYD36v3k6c+bVk1DSZwh7B5Dpb/Pyk3HKVsiohn0nhbefZZ+3JXbWQhFyt0MxSl2jRDdGQPHeOHFXrQ==",
      "requires": {
        "@types/sizzle": "*"
      }
    },
    "@types/sizzle": {
      "version": "2.3.2",
      "resolved": "https://registry.npmjs.org/@types/sizzle/-/sizzle-2.3.2.tgz",
      "integrity": "sha512-7EJYyKTL7tFR8+gDbB6Wwz/arpGa0Mywk1TJbNzKzHtzbwVmY4HR9WqS5VV7dsBUKQmPNr192jHr/VpBluj/hg=="
    }
  }
}
