{
  "name": "saeon.observations.webapi",
  "version": "1.0.0",
  "lockfileVersion": 1,
  "requires": true,
  "dependencies": {
    "jquery": {
      "version": "3.3.1",
      "resolved": "https://registry.npmjs.org/jquery/-/jquery-3.3.1.tgz",
      "integrity": "sha512-Ubldcmxp5np52/ENotGxlLe6aGMvmF4R8S6tZjsP6Knsaxd/xp3Zrh50cG93lR6nPXyUFwzN3ZSOQI0wRJNdGg=="
    },
    "jquery-validation": {
      "version": "1.17.0",
      "resolved": "https://registry.npmjs.org/jquery-validation/-/jquery-validation-1.17.0.tgz",
      "integrity": "sha512-XddiAwhGdWhcIJ+W3ri3KG8uTPMua4TPYuUIC8/E7lOyqdScG5xHuy9YishlKc0c/lIQai77EX7hxMdTSYCEjA==",
      "requires": {
        "jquery": "3.3.1"
      }
    },
    "jquery-validation-unobtrusive": {
      "version": "3.2.8",
      "resolved": "https://registry.npmjs.org/jquery-validation-unobtrusive/-/jquery-validation-unobtrusive-3.2.8.tgz",
      "integrity": "sha1-8E/Ey6N4mevzZqWED9kMvquFKgA=",
      "requires": {
        "jquery": "3.3.1",
        "jquery-validation": "1.17.0"
      }
    },
    "mdbootstrap": {
      "version": "4.5.3",
      "resolved": "https://registry.npmjs.org/mdbootstrap/-/mdbootstrap-4.5.3.tgz",
      "integrity": "sha512-S271SC1AVKZ/cTWFZ35nOXt3zgSw9RA2yBa3Kis1Hu8ylob22adOOhpJihHx13Ce8Ak5NRfggH8gsuQDuXiq6g=="
    }
  }
}
